
Microsoft Visual Studio Solution File, Format Version 12.00
# Visual Studio 15
VisualStudioVersion = 15.0.28307.421
MinimumVisualStudioVersion = 10.0.40219.1
Project("{FAE04EC0-301F-11D3-BF4B-00C04F79EFBC}") = "Ex3", "Ex3\Ex3.csproj", "{39284D39-3614-4071-81B9-1CC6F5CD062A}"
EndProject
Global
	GlobalSection(SolutionConfigurationPlatforms) = preSolution
		Debug|Any CPU = Debug|Any CPU
		Release|Any CPU = Release|Any CPU
	EndGlobalSection
	GlobalSection(ProjectConfigurationPlatforms) = postSolution
		{39284D39-3614-4071-81B9-1CC6F5CD062A}.Debug|Any CPU.ActiveCfg = Debug|Any CPU
		{39284D39-3614-4071-81B9-1CC6F5CD062A}.Debug|Any CPU.Build.0 = Debug|Any CPU
		{39284D39-3614-4071-81B9-1CC6F5CD062A}.Release|Any CPU.ActiveCfg = Release|Any CPU
		{39284D39-3614-4071-81B9-1CC6F5CD062A}.Release|Any CPU.Build.0 = Release|Any CPU
	EndGlobalSection
	GlobalSection(SolutionProperties) = preSolution
		HideSolutionNode = FALSE
	EndGlobalSection
	GlobalSection(ExtensibilityGlobals) = postSolution
		SolutionGuid = {F98CDB02-2062-4E6C-AD62-E106BA10DABD}
	EndGlobalSection
EndGlobal
